blitter.com/go/cryptmt v0.0.0-20181209042848-f3e54a9d98fa h1:M9Ewnr7XZYJANeUj9Jm1ucMwL8rEyHgXcHhIw3RQtB8=
blitter.com/go/cryptmt v0.0.0-20181209042848-f3e54a9d98fa/go.mod h1:tdME2J3O4agaDAYIYNQzzuB28yVGnPSMmV3a/ucSU84=
blitter.com/go/cryptmt v1.0.0 h1:n+cNP/ReZrNe/w5FbD8DSfv0Wpj48nxhmMoLEk4hPXs=
blitter.com/go/cryptmt v1.0.0/go.mod h1:tdME2J3O4agaDAYIYNQzzuB28yVGnPSMmV3a/ucSU84=
blitter.com/go/goutmp v0.0.0-20181114075424-907ffc4058d9 h1:kcFQxwfPpVMBcLg9GIcHJmSW4ZNrcpeTUFD8wpIwu9Y=
blitter.com/go/goutmp v0.0.0-20181114075424-907ffc4058d9/go.mod h1:gtlbjC8xGzMk/Cf0BpnVltSa3awOqJ+B5WAxVptTMxk=
blitter.com/go/goutmp v1.0.0 h1:9BPQTnahoMHyF+IC8gj/Em+i2RDZtVSupoEgRhmaJg4=
blitter.com/go/goutmp v1.0.0/go.mod h1:gtlbjC8xGzMk/Cf0BpnVltSa3awOqJ+B5WAxVptTMxk=
blitter.com/go/herradurakex v0.0.0-20181207001539-873ba2e58872 h1:W0dt8bwmGO7mUr2F5E1R4xjbgYc0xYF/kaAbkVudeNk=
blitter.com/go/herradurakex v0.0.0-20181207001539-873ba2e58872/go.mod h1:m3+vYZX+2dDjdo+n/HDnXEYJX9pwmNeQLgAfJM8mtxw=
blitter.com/go/herradurakex v1.0.0 h1:6XaxY+JLT1HUWPF0gYJnjX3pVjrw4YhYZEzZ1U0wkyc=
blitter.com/go/herradurakex v1.0.0/go.mod h1:m3+vYZX+2dDjdo+n/HDnXEYJX9pwmNeQLgAfJM8mtxw=
blitter.com/go/mtwist v0.0.0-20181024062339-1a11c643f88c h1:zQ6vgMPQ8J3ZJNYsskpfjeY1eoBbLjCJPeZGCZYdVbI=
blitter.com/go/mtwist v0.0.0-20181024062339-1a11c643f88c/go.mod h1:aU82Nx8+b1v8oZRNqImfEDzDTPim81rY0ACKAIclV18=
blitter.com/go/mtwist v1.0.0 h1:/Vg6k12+DC+fokeRrLApL22hZS/EqEazJTo/FDdbDog=
blitter.com/go/mtwist v1.0.0/go.mod h1:aU82Nx8+b1v8oZRNqImfEDzDTPim81rY0ACKAIclV18=
git.schwanenlied.me/yawning/kyber.git v0.0.0-20180530164001-a270899bd22c h1:SGOx1s56QSOmuCegRcG3yvOG7W8PvRS9ZVnFQl5K2aQ=
git.schwanenlied.me/yawning/kyber.git v0.0.0-20180530164001-a270899bd22c/go.mod h1:QrbgzU5EL/1jaMD5pD4Tiikj3R5elPMa+RMwFUTGwQU=
github.com/davecgh/go-spew v1.1.1 h1:vj9j/u1bqnvCEfJOwUhtlOARqs3+rkHYY13jYWTU97c=
github.com/davecgh/go-spew v1.1.1/go.mod h1:J7Y8YcW2NihsgmVo/mv3lAwl/skON4iLHjSsI+c5H38=
github.com/jameskeane/bcrypt v0.0.0-20120420032655-c3cd44c1e20f h1:UWGE8Vi+1Agt0lrvnd7UsmvwqWKRzb9byK9iQmsbY0Y=
github.com/jameskeane/bcrypt v0.0.0-20120420032655-c3cd44c1e20f/go.mod h1:u+9Snq0w+ZdYKi8BBoaxnEwWu0fY4Kvu9ByFpM51t1s=
github.com/kr/pty v1.1.3 h1:/Um6a/ZmD5tF7peoOJ5oN5KMQ0DrGVQSXLNwyckutPk=
github.com/kr/pty v1.1.3/go.mod h1:pFQYn66WHrOpPYNljwOMqo10TkYh1fy3cYio2l3bCsQ=
github.com/mattn/go-isatty v0.0.4 h1:bnP0vzxcAdeI1zdubAl5PjU6zsERjGZb7raWodagDYs=
github.com/mattn/go-isatty v0.0.4/go.mod h1:M+lRXTBqGeGNdLjl/ufCoiOlB5xdOkqRJdNxMWT7Zi4=
github.com/pmezard/go-difflib v1.0.0 h1:4DBwDE0NGyQoBHbLQYPwSUPoCMWR5BEzIk/f1lZbAQM=
github.com/pmezard/go-difflib v1.0.0/go.mod h1:iKH77koFhYxTK1pcRnkKkqfTogsbg7gZNVY4sRDYZ/4=
github.com/stretchr/testify v1.2.2 h1:bSDNvY7ZPG5RlJ8otE/7V6gMiyenm9RtJ7IUVIAoJ1w=
github.com/stretchr/testify v1.2.2/go.mod h1:a8OnRcib4nhh0OaRAV+Yts87kKdq0PP7pXfy6kDkUVs=
golang.org/x/crypto v0.0.0-20181203042331-505ab145d0a9 h1:mKdxBk7AujPs8kU4m80U72y/zjbZ3UcXC7dClwKbUI0=
golang.org/x/crypto v0.0.0-20181203042331-505ab145d0a9/go.mod h1:6SG95UA2DQfeDnfUPMdvaQW0Q7yPrPDi9nlGo2tz2b4=
golang.org/x/sys v0.0.0-20181211161752-7da8ea5c8182 h1:3jwI9dC+BuoXWS+QtR/HhfGTGTuB6ZzL6II6S1IuVvo=
golang.org/x/sys v0.0.0-20181211161752-7da8ea5c8182/go.mod h1:STP8DvDyc/dI5b8T5hshtkjS+E42TnysNCUPdjciGhY=
