blitter.com/go/chacha20 v0.0.0-20200130200441-214e4085f54c h1:LcnFFg6MCIJHf26P7eOUST45fNLHJI5erq0gWZaDLCo=
blitter.com/go/chacha20 v0.0.0-20200130200441-214e4085f54c/go.mod h1:EMJtRcf22WCtHGiXCw+NB/Sb/PYcXtUgUql6LDEwyXo=
blitter.com/go/cryptmt v1.0.0 h1:n+cNP/ReZrNe/w5FbD8DSfv0Wpj48nxhmMoLEk4hPXs=
blitter.com/go/cryptmt v1.0.0/go.mod h1:tdME2J3O4agaDAYIYNQzzuB28yVGnPSMmV3a/ucSU84=
blitter.com/go/cryptmt v1.0.1 h1:NAi4FrZqo52bhPJopYw1jbausj1NnHEWELaINC60Nk0=
blitter.com/go/cryptmt v1.0.1/go.mod h1:tdME2J3O4agaDAYIYNQzzuB28yVGnPSMmV3a/ucSU84=
blitter.com/go/cryptmt v1.0.2 h1:ZcLhQk7onUssXyQwG3GdXDXctCVnNL+b7aFuvwOdKXc=
blitter.com/go/cryptmt v1.0.2/go.mod h1:tdME2J3O4agaDAYIYNQzzuB28yVGnPSMmV3a/ucSU84=
blitter.com/go/goutmp v1.0.1 h1:jBqtp6pDwSbF4QEC3DjNfyaS8Nv5dFCOyaTfSbbb7TU=
blitter.com/go/goutmp v1.0.1/go.mod h1:gtlbjC8xGzMk/Cf0BpnVltSa3awOqJ+B5WAxVptTMxk=
blitter.com/go/goutmp v1.0.2 h1:oCc/dt9TlTOP2kvmX1Y7J/wSQUhywjcyF101jXuLxZ8=
blitter.com/go/goutmp v1.0.2/go.mod h1:gtlbjC8xGzMk/Cf0BpnVltSa3awOqJ+B5WAxVptTMxk=
blitter.com/go/goutmp v1.0.3 h1:4VPU9COXG36W5454pcV65FieVaaw64mdhvjuTVOuWTM=
blitter.com/go/goutmp v1.0.3/go.mod h1:gtlbjC8xGzMk/Cf0BpnVltSa3awOqJ+B5WAxVptTMxk=
blitter.com/go/herradurakex v1.0.0 h1:6XaxY+JLT1HUWPF0gYJnjX3pVjrw4YhYZEzZ1U0wkyc=
blitter.com/go/herradurakex v1.0.0/go.mod h1:m3+vYZX+2dDjdo+n/HDnXEYJX9pwmNeQLgAfJM8mtxw=
blitter.com/go/kyber v0.0.0-20200130200857-6f2021cb88d9 h1:D45AnrNphtvczBXRp5JQicZRTgaK/Is5bgPDDvRKhTc=
blitter.com/go/kyber v0.0.0-20200130200857-6f2021cb88d9/go.mod h1:SK6QfGG72lIfKW1Td0wH7f0wwN5nSIhV3K+wvzGNjrw=
blitter.com/go/mtwist v1.0.1 h1:PxmoWexfMpLmc8neHP/PcRc3s17ct7iz4d5W/qJVt04=
blitter.com/go/mtwist v1.0.1/go.mod h1:aU82Nx8+b1v8oZRNqImfEDzDTPim81rY0ACKAIclV18=
blitter.com/go/newhope v0.0.0-20200130200750-192fc08a8aae h1:YBBaCcdYRrI1btsmcMTv1VMPmaSXXz0RwKOTgMJYSRU=
blitter.com/go/newhope v0.0.0-20200130200750-192fc08a8aae/go.mod h1:ywoxfDBqInPsqtnxYsmS4SYMJ5D/kNcrFgpvI+Xcun0=
git.schwanenlied.me/yawning/chacha20.git v0.0.0-20170904085104-e3b1f968fc63 h1:bwZNsbw3qFbg6ox55HrA37nPmh+/wtJxZ7uWeiAdUUc=
git.schwanenlied.me/yawning/chacha20.git v0.0.0-20170904085104-e3b1f968fc63/go.mod h1:NYi4Ifd1g/YbhIDgDfw6t7QdsW4tofQWMX/+FiDtJWs=
git.schwanenlied.me/yawning/kyber.git v0.0.0-20180530164001-a270899bd22c h1:SGOx1s56QSOmuCegRcG3yvOG7W8PvRS9ZVnFQl5K2aQ=
git.schwanenlied.me/yawning/kyber.git v0.0.0-20180530164001-a270899bd22c/go.mod h1:QrbgzU5EL/1jaMD5pD4Tiikj3R5elPMa+RMwFUTGwQU=
git.schwanenlied.me/yawning/newhope.git v0.0.0-20170622154529-9598792ba8f2 h1:89TYv/+wotJ+QWrH5B/yN0pEQutr2V/5za0VoYiVGCM=
git.schwanenlied.me/yawning/newhope.git v0.0.0-20170622154529-9598792ba8f2/go.mod h1:weMqACFGzJs4Ni+K9shsRd02N4LkDrtGlkRxISK+II0=
github.com/aead/chacha20 v0.0.0-20180709150244-8b13a72661da h1:KjTM2ks9d14ZYCvmHS9iAKVt9AyzRSqNU1qabPih5BY=
github.com/aead/chacha20 v0.0.0-20180709150244-8b13a72661da/go.mod h1:eHEWzANqSiWQsof+nXEI9bUVUyV6F53Fp89EuCh2EAA=
github.com/davecgh/go-spew v1.1.0 h1:ZDRjVQ15GmhC3fiQ8ni8+OwkZQO4DARzQgrnXU1Liz8=
github.com/davecgh/go-spew v1.1.0/go.mod h1:J7Y8YcW2NihsgmVo/mv3lAwl/skON4iLHjSsI+c5H38=
github.com/jameskeane/bcrypt v0.0.0-20120420032655-c3cd44c1e20f h1:UWGE8Vi+1Agt0lrvnd7UsmvwqWKRzb9byK9iQmsbY0Y=
github.com/jameskeane/bcrypt v0.0.0-20120420032655-c3cd44c1e20f/go.mod h1:u+9Snq0w+ZdYKi8BBoaxnEwWu0fY4Kvu9ByFpM51t1s=
github.com/klauspost/cpuid v1.2.2 h1:1xAgYebNnsb9LKCdLOvFWtAxGU/33mjJtyOVbmUa0Us=
github.com/klauspost/cpuid v1.2.2/go.mod h1:Pj4uuM528wm8OyEC2QMXAi2YiTZ96dNQPGgoMS4s3ek=
github.com/klauspost/reedsolomon v1.9.3 h1:N/VzgeMfHmLc+KHMD1UL/tNkfXAt8FnUqlgXGIduwAY=
github.com/klauspost/reedsolomon v1.9.3/go.mod h1:CwCi+NUr9pqSVktrkN+Ondf06rkhYZ/pcNv7fu+8Un4=
github.com/kr/pty v1.1.4 h1:5Myjjh3JY/NaAi4IsUbHADytDyl1VE1Y9PXDlL+P/VQ=
github.com/kr/pty v1.1.4/go.mod h1:pFQYn66WHrOpPYNljwOMqo10TkYh1fy3cYio2l3bCsQ=
github.com/mattn/go-isatty v0.0.7 h1:UvyT9uN+3r7yLEYSlJsbQGdsaB/a0DlgWP3pql6iwOc=
github.com/mattn/go-isatty v0.0.7/go.mod h1:Iq45c/XA43vh69/j3iqttzPXn0bhXyGjM0Hdxcsrc5s=
github.com/pkg/errors v0.8.1 h1:iURUrRGxPUNPdy5/HRSm+Yj6okJ6UtLINN0Q9M4+h3I=
github.com/pkg/errors v0.8.1/go.mod h1:bwawxfHBFNV+L2hUp1rHADufV3IMtnDRdf1r5NINEl0=
github.com/pmezard/go-difflib v1.0.0 h1:4DBwDE0NGyQoBHbLQYPwSUPoCMWR5BEzIk/f1lZbAQM=
github.com/pmezard/go-difflib v1.0.0/go.mod h1:iKH77koFhYxTK1pcRnkKkqfTogsbg7gZNVY4sRDYZ/4=
github.com/stretchr/objx v0.1.0/go.mod h1:HFkY916IF+rwdDfMAkV7OtwuqBVzrE8GR6GFx+wExME=
github.com/stretchr/testify v1.4.0 h1:2E4SXV/wtOkTonXsotYi4li6zVWxYlZuYNCXe9XRJyk=
github.com/stretchr/testify v1.4.0/go.mod h1:j7eGeouHqKxXV5pUuKE4zz7dFj8WfuZ+81PSLYec5m4=
github.com/templexxx/cpufeat v0.0.0-20180724012125-cef66df7f161 h1:89CEmDvlq/F7SJEOqkIdNDGJXrQIhuIx9D2DBXjavSU=
github.com/templexxx/cpufeat v0.0.0-20180724012125-cef66df7f161/go.mod h1:wM7WEvslTq+iOEAMDLSzhVuOt5BRZ05WirO+b09GHQU=
github.com/templexxx/xor v0.0.0-20181023030647-4e92f724b73b h1:mnG1fcsIB1d/3vbkBak2MM0u+vhGhlQwpeimUi7QncM=
github.com/templexxx/xor v0.0.0-20181023030647-4e92f724b73b/go.mod h1:5XA7W9S6mni3h5uvOC75dA3m9CCCaS83lltmc0ukdi4=
github.com/tjfoc/gmsm v1.0.1 h1:R11HlqhXkDospckjZEihx9SW/2VW0RgdwrykyWMFOQU=
github.com/tjfoc/gmsm v1.0.1/go.mod h1:XxO4hdhhrzAd+G4CjDqaOkd0hUzmtPR/d3EiBBMn/wc=
github.com/xtaci/kcp-go v5.4.19+incompatible h1:vv7Ar1D9WZGiv6deIOluxrC26Oin/2jFtx8sFU5tlvw=
github.com/xtaci/kcp-go v5.4.19+incompatible/go.mod h1:bN6vIwHQbfHaHtFpEssmWsN45a+AZwO7eyRCmEIbtvE=
github.com/xtaci/lossyconn v0.0.0-20190602105132-8df528c0c9ae h1:J0GxkO96kL4WF+AIT3M4mfUVinOCPgf2uUWYFUzN0sM=
github.com/xtaci/lossyconn v0.0.0-20190602105132-8df528c0c9ae/go.mod h1:gXtu8J62kEgmN++bm9BVICuT/e8yiLI2KFobd/TRFsE=
golang.org/x/crypto v0.0.0-20190308221718-c2843e01d9a2/go.mod h1:djNgcEr1/C05ACkg1iLfiJU5Ep61QUkGW8qpdssI0+w=
golang.org/x/crypto v0.0.0-20190417174047-f416ebab96af h1:6qGQw30u837TXZbCmLFR9AVA+RjJU1LIbvk0oIkDZGY=
golang.org/x/crypto v0.0.0-20190417174047-f416ebab96af/go.mod h1:WFFai1msRO1wXaEeE5yQxYXgSfI8pQAWXbQop6sCtWE=
golang.org/x/crypto v0.0.0-20190829043050-9756ffdc2472/go.mod h1:yigFU9vqHzYiE8UmvKecakEJjdnWj3jj499lnFckfCI=
golang.org/x/crypto v0.0.0-20200128174031-69ecbb4d6d5d h1:9FCpayM9Egr1baVnV1SX0H87m+XB0B8S0hAMi99X/3U=
golang.org/x/crypto v0.0.0-20200128174031-69ecbb4d6d5d/go.mod h1:LzIPMQfyMNhhGPhUkYOs5KpL4U8rLKemX1yGLhDgUto=
golang.org/x/crypto v0.0.0-20200414173820-0848c9571904 h1:bXoxMPcSLOq08zI3/c5dEBT6lE4eh+jOh886GHrn6V8=
golang.org/x/crypto v0.0.0-20200414173820-0848c9571904/go.mod h1:LzIPMQfyMNhhGPhUkYOs5KpL4U8rLKemX1yGLhDgUto=
golang.org/x/net v0.0.0-20190404232315-eb5bcb51f2a3/go.mod h1:t9HGtf8HONx5eT2rtn7q6eTqICYqUVnKs3thJo3Qplg=
golang.org/x/net v0.0.0-20191209160850-c0dbc17a3553 h1:efeOvDhwQ29Dj3SdAV/MJf8oukgn+8D8WgaCaRMchF8=
golang.org/x/net v0.0.0-20191209160850-c0dbc17a3553/go.mod h1:z5CRVTTTmAJ677TzLLGU+0bjPO0LkuOLi4/5GtJWs/s=
golang.org/x/sys v0.0.0-20190215142949-d0b11bdaac8a/go.mod h1:STP8DvDyc/dI5b8T5hshtkjS+E42TnysNCUPdjciGhY=
golang.org/x/sys v0.0.0-20190222072716-a9d3bda3a223/go.mod h1:STP8DvDyc/dI5b8T5hshtkjS+E42TnysNCUPdjciGhY=
golang.org/x/sys v0.0.0-20190403152447-81d4e9dc473e/go.mod h1:h1NjWce9XRLGQEsW7wpKNCjG9DtNlClVuFLEZdDNbEs=
golang.org/x/sys v0.0.0-20190412213103-97732733099d/go.mod h1:h1NjWce9XRLGQEsW7wpKNCjG9DtNlClVuFLEZdDNbEs=
golang.org/x/sys v0.0.0-20190416152802-12500544f89f h1:1ZH9RnjNgLzh6YrsRp/c6ddZ8Lq0fq9xztNOoWJ2sz4=
golang.org/x/sys v0.0.0-20190416152802-12500544f89f/go.mod h1:h1NjWce9XRLGQEsW7wpKNCjG9DtNlClVuFLEZdDNbEs=
golang.org/x/sys v0.0.0-20190902133755-9109b7679e13 h1:tdsQdquKbTNMsSZLqnLELJGzCANp9oXhu6zFBW6ODx4=
golang.org/x/sys v0.0.0-20190902133755-9109b7679e13/go.mod h1:h1NjWce9XRLGQEsW7wpKNCjG9DtNlClVuFLEZdDNbEs=
golang.org/x/sys v0.0.0-20200413165638-669c56c373c4 h1:opSr2sbRXk5X5/givKrrKj9HXxFpW2sdCiP8MJSKLQY=
golang.org/x/sys v0.0.0-20200413165638-669c56c373c4/go.mod h1:h1NjWce9XRLGQEsW7wpKNCjG9DtNlClVuFLEZdDNbEs=
golang.org/x/text v0.3.0/go.mod h1:NqM8EUOU14njkJ3fqMW+pc6Ldnwhi/IjpwHt7yyuwOQ=
gopkg.in/check.v1 v0.0.0-20161208181325-20d25e280405 h1:yhCVgyC4o1eVCa2tZl7eS0r+SDo693bJlVdllGtEeKM=
gopkg.in/check.v1 v0.0.0-20161208181325-20d25e280405/go.mod h1:Co6ibVJAznAaIkqp8huTwlJQCZ016jof/cbN4VW5Yz0=
gopkg.in/hlandau/easymetric.v1 v1.0.0 h1:ZbfbH7W3giuVDjWUoFhDOjjv20hiPr5HZ2yMV5f9IeE=
gopkg.in/hlandau/easymetric.v1 v1.0.0/go.mod h1:yh75hypuFzAxmvECh3ZKGCvFnIfapYJh2wv7ASaX2RE=
gopkg.in/hlandau/measurable.v1 v1.0.1 h1:wH5UZKCRUnRr1iD+xIZfwhtxhmr+bprRJttqA1Rklf4=
gopkg.in/hlandau/measurable.v1 v1.0.1/go.mod h1:6N+SYJGMTmetsx7wskULP+juuO+++tsHJkAgzvzsbuM=
gopkg.in/hlandau/passlib.v1 v1.0.10 h1:q5xh9ZHp907XTjVw8/EqG03//fnlITnIYQmv4Gn7TpE=
gopkg.in/hlandau/passlib.v1 v1.0.10/go.mod h1:wxGAv2CtQHlzWY8NJp+p045yl4WHyX7v2T6XbOcmqjM=
gopkg.in/yaml.v2 v2.2.2 h1:ZCJp+EgiOT7lHqUV2J862kp8Qj64Jo6az82+3Td9dZw=
gopkg.in/yaml.v2 v2.2.2/go.mod h1:hI93XBmqTisBFMUTm0b8Fm+jr3Dg1NNxqwp+5A1VGuI=
